
Microsoft Visual Studio Solution File, Format Version 12.00
# Visual Studio Version 16
VisualStudioVersion = 16.0.32106.194
MinimumVisualStudioVersion = 10.0.40219.1
Project("{FAE04EC0-301F-11D3-BF4B-00C04F79EFBC}") = "CsharpDemos", "CsharpDemos\CsharpDemos.csproj", "{CD00821A-3E11-4711-8123-2D83BF404DCD}"
EndProject
Project("{FAE04EC0-301F-11D3-BF4B-00C04F79EFBC}") = "Demo24_Thread", "Demo24_Thread\Demo24_Thread.csproj", "{AAD44445-D60A-4F45-AA8B-2D30A5BC0837}"
EndProject
Project("{FAE04EC0-301F-11D3-BF4B-00C04F79EFBC}") = "Demo25_Parallel", "Demo25_Parallel\Demo25_Parallel.csproj", "{BDE76559-296B-4B3D-8E57-9E8BD9242C68}"
EndProject
Project("{FAE04EC0-301F-11D3-BF4B-00C04F79EFBC}") = "Demo26_Task", "Demo26_Task\Demo26_Task.csproj", "{9DCBA4DF-DC11-4320-9544-7B25BCAABC78}"
EndProject
Project("{FAE04EC0-301F-11D3-BF4B-00C04F79EFBC}") = "Demo27_Task_AsyncAwait", "Demo27_Task_AsyncAwait\Demo27_Task_AsyncAwait.csproj", "{3EBEE1D0-410B-46DB-90F3-E13FEC55B571}"
EndProject
Project("{FAE04EC0-301F-11D3-BF4B-00C04F79EFBC}") = "Demo01_HelloWorld", "Demo01_HelloWorld\Demo01_HelloWorld.csproj", "{80CB784E-F4A2-48E6-8B29-9B9BBBCB1454}"
EndProject
Project("{FAE04EC0-301F-11D3-BF4B-00C04F79EFBC}") = "Demo02_Datatypes", "Demo02_Datatypes\Demo02_Datatypes.csproj", "{0F8EEA49-C22C-412C-A8DA-6AB89400D682}"
EndProject
Project("{FAE04EC0-301F-11D3-BF4B-00C04F79EFBC}") = "Demo03_MethodParameters", "Demo03_MethodParameters\Demo03_MethodParameters.csproj", "{8ADB6D84-9372-4A0A-A7FB-B93877E53A52}"
EndProject
Project("{FAE04EC0-301F-11D3-BF4B-00C04F79EFBC}") = "Demo04_TypeMembers", "Demo04_TypeMembers\Demo04_TypeMembers.csproj", "{E4647216-47C2-4EC0-9096-390D56683FEA}"
EndProject
Project("{FAE04EC0-301F-11D3-BF4B-00C04F79EFBC}") = "Demo05_Array", "Demo05_Array\Demo05_Array.csproj", "{55FF9251-BAB7-43DF-AE69-35E681B850EB}"
EndProject
Project("{FAE04EC0-301F-11D3-BF4B-00C04F79EFBC}") = "Demo06_MethodOverloading", "Demo06_MethodOverloading\Demo06_MethodOverloading.csproj", "{839D5249-C27E-4AF4-9C1C-6FACF52D2529}"
EndProject
Project("{FAE04EC0-301F-11D3-BF4B-00C04F79EFBC}") = "Demo07_MethodOverriding", "Demo07_MethodOverriding\Demo07_MethodOverriding.csproj", "{0D4E1447-D7B4-4285-B1E2-2D97F333AAA1}"
EndProject
Project("{FAE04EC0-301F-11D3-BF4B-00C04F79EFBC}") = "Demo08_Constrctors", "Demo08_Constrctors\Demo08_Constrctors.csproj", "{28130FED-6A9B-43A1-84D8-452EE1CF9A40}"
EndProject
Project("{FAE04EC0-301F-11D3-BF4B-00C04F79EFBC}") = "Demo09_StatePattern", "Demo09_StatePattern\Demo09_StatePattern.csproj", "{577C2E72-196D-40B3-87D9-67E67D9BF77A}"
EndProject
Project("{FAE04EC0-301F-11D3-BF4B-00C04F79EFBC}") = "Demo10_Indexer", "Demo10_Indexer\Demo10_Indexer.csproj", "{A42BFF88-D93A-42C0-A8C5-0A2D7C48654D}"
EndProject
Project("{FAE04EC0-301F-11D3-BF4B-00C04F79EFBC}") = "Demo11_Interface", "Demo11_Interface\Demo11_Interface.csproj", "{A18F5985-6F53-4B60-AC5F-8569252D45E4}"
EndProject
Project("{FAE04EC0-301F-11D3-BF4B-00C04F79EFBC}") = "Demo12_InterfaceExtending", "Demo12_InterfaceExtending\Demo12_InterfaceExtending.csproj", "{8AF88AA7-2AE0-49F2-87DC-FC4033DC81AD}"
EndProject
Project("{FAE04EC0-301F-11D3-BF4B-00C04F79EFBC}") = "Demo13_IEnumerable", "Demo14_IEnumerable\Demo13_IEnumerable.csproj", "{39409AB9-32CF-4AA1-8B94-8D115D118E81}"
EndProject
Project("{FAE04EC0-301F-11D3-BF4B-00C04F79EFBC}") = "Demo14_IEnumrator", "IEnumerator\Demo14_IEnumrator.csproj", "{D3A413A8-5323-4E10-A0DB-3D811AE8B1FA}"
EndProject
Project("{FAE04EC0-301F-11D3-BF4B-00C04F79EFBC}") = "Demo15_IComparable", "Demo15_IComparable\Demo15_IComparable.csproj", "{686B6980-3750-43AB-8094-EFABCB5658ED}"
EndProject
Project("{FAE04EC0-301F-11D3-BF4B-00C04F79EFBC}") = "Demo16_Delegate", "Demo16_Delegate\Demo16_Delegate.csproj", "{0F9E304B-9EF0-4A6E-B4FC-D508064D870A}"
EndProject
Project("{FAE04EC0-301F-11D3-BF4B-00C04F79EFBC}") = "Demo17_MultiCastDelegate", "Demo17_MultiCastDelegate\Demo17_MultiCastDelegate.csproj", "{04D44B69-EEE9-4363-AFF9-60F82680A6FF}"
EndProject
Project("{FAE04EC0-301F-11D3-BF4B-00C04F79EFBC}") = "Assignment01", "Assignment01\Assignment01.csproj", "{2A0302AB-B864-4819-ABA5-38A432EF5935}"
EndProject
Global
	GlobalSection(SolutionConfigurationPlatforms) = preSolution
		Debug|Any CPU = Debug|Any CPU
		Release|Any CPU = Release|Any CPU
	EndGlobalSection
	GlobalSection(ProjectConfigurationPlatforms) = postSolution
		{CD00821A-3E11-4711-8123-2D83BF404DCD}.Debug|Any CPU.ActiveCfg = Debug|Any CPU
		{CD00821A-3E11-4711-8123-2D83BF404DCD}.Debug|Any CPU.Build.0 = Debug|Any CPU
		{CD00821A-3E11-4711-8123-2D83BF404DCD}.Release|Any CPU.ActiveCfg = Release|Any CPU
		{CD00821A-3E11-4711-8123-2D83BF404DCD}.Release|Any CPU.Build.0 = Release|Any CPU
		{AAD44445-D60A-4F45-AA8B-2D30A5BC0837}.Debug|Any CPU.ActiveCfg = Debug|Any CPU
		{AAD44445-D60A-4F45-AA8B-2D30A5BC0837}.Debug|Any CPU.Build.0 = Debug|Any CPU
		{AAD44445-D60A-4F45-AA8B-2D30A5BC0837}.Release|Any CPU.ActiveCfg = Release|Any CPU
		{AAD44445-D60A-4F45-AA8B-2D30A5BC0837}.Release|Any CPU.Build.0 = Release|Any CPU
		{BDE76559-296B-4B3D-8E57-9E8BD9242C68}.Debug|Any CPU.ActiveCfg = Debug|Any CPU
		{BDE76559-296B-4B3D-8E57-9E8BD9242C68}.Debug|Any CPU.Build.0 = Debug|Any CPU
		{BDE76559-296B-4B3D-8E57-9E8BD9242C68}.Release|Any CPU.ActiveCfg = Release|Any CPU
		{BDE76559-296B-4B3D-8E57-9E8BD9242C68}.Release|Any CPU.Build.0 = Release|Any CPU
		{9DCBA4DF-DC11-4320-9544-7B25BCAABC78}.Debug|Any CPU.ActiveCfg = Debug|Any CPU
		{9DCBA4DF-DC11-4320-9544-7B25BCAABC78}.Debug|Any CPU.Build.0 = Debug|Any CPU
		{9DCBA4DF-DC11-4320-9544-7B25BCAABC78}.Release|Any CPU.ActiveCfg = Release|Any CPU
		{9DCBA4DF-DC11-4320-9544-7B25BCAABC78}.Release|Any CPU.Build.0 = Release|Any CPU
		{3EBEE1D0-410B-46DB-90F3-E13FEC55B571}.Debug|Any CPU.ActiveCfg = Debug|Any CPU
		{3EBEE1D0-410B-46DB-90F3-E13FEC55B571}.Debug|Any CPU.Build.0 = Debug|Any CPU
		{3EBEE1D0-410B-46DB-90F3-E13FEC55B571}.Release|Any CPU.ActiveCfg = Release|Any CPU
		{3EBEE1D0-410B-46DB-90F3-E13FEC55B571}.Release|Any CPU.Build.0 = Release|Any CPU
		{80CB784E-F4A2-48E6-8B29-9B9BBBCB1454}.Debug|Any CPU.ActiveCfg = Debug|Any CPU
		{80CB784E-F4A2-48E6-8B29-9B9BBBCB1454}.Debug|Any CPU.Build.0 = Debug|Any CPU
		{80CB784E-F4A2-48E6-8B29-9B9BBBCB1454}.Release|Any CPU.ActiveCfg = Release|Any CPU
		{80CB784E-F4A2-48E6-8B29-9B9BBBCB1454}.Release|Any CPU.Build.0 = Release|Any CPU
		{0F8EEA49-C22C-412C-A8DA-6AB89400D682}.Debug|Any CPU.ActiveCfg = Debug|Any CPU
		{0F8EEA49-C22C-412C-A8DA-6AB89400D682}.Debug|Any CPU.Build.0 = Debug|Any CPU
		{0F8EEA49-C22C-412C-A8DA-6AB89400D682}.Release|Any CPU.ActiveCfg = Release|Any CPU
		{0F8EEA49-C22C-412C-A8DA-6AB89400D682}.Release|Any CPU.Build.0 = Release|Any CPU
		{8ADB6D84-9372-4A0A-A7FB-B93877E53A52}.Debug|Any CPU.ActiveCfg = Debug|Any CPU
		{8ADB6D84-9372-4A0A-A7FB-B93877E53A52}.Debug|Any CPU.Build.0 = Debug|Any CPU
		{8ADB6D84-9372-4A0A-A7FB-B93877E53A52}.Release|Any CPU.ActiveCfg = Release|Any CPU
		{8ADB6D84-9372-4A0A-A7FB-B93877E53A52}.Release|Any CPU.Build.0 = Release|Any CPU
		{E4647216-47C2-4EC0-9096-390D56683FEA}.Debug|Any CPU.ActiveCfg = Debug|Any CPU
		{E4647216-47C2-4EC0-9096-390D56683FEA}.Debug|Any CPU.Build.0 = Debug|Any CPU
		{E4647216-47C2-4EC0-9096-390D56683FEA}.Release|Any CPU.ActiveCfg = Release|Any CPU
		{E4647216-47C2-4EC0-9096-390D56683FEA}.Release|Any CPU.Build.0 = Release|Any CPU
		{55FF9251-BAB7-43DF-AE69-35E681B850EB}.Debug|Any CPU.ActiveCfg = Debug|Any CPU
		{55FF9251-BAB7-43DF-AE69-35E681B850EB}.Debug|Any CPU.Build.0 = Debug|Any CPU
		{55FF9251-BAB7-43DF-AE69-35E681B850EB}.Release|Any CPU.ActiveCfg = Release|Any CPU
		{55FF9251-BAB7-43DF-AE69-35E681B850EB}.Release|Any CPU.Build.0 = Release|Any CPU
		{839D5249-C27E-4AF4-9C1C-6FACF52D2529}.Debug|Any CPU.ActiveCfg = Debug|Any CPU
		{839D5249-C27E-4AF4-9C1C-6FACF52D2529}.Debug|Any CPU.Build.0 = Debug|Any CPU
		{839D5249-C27E-4AF4-9C1C-6FACF52D2529}.Release|Any CPU.ActiveCfg = Release|Any CPU
		{839D5249-C27E-4AF4-9C1C-6FACF52D2529}.Release|Any CPU.Build.0 = Release|Any CPU
		{0D4E1447-D7B4-4285-B1E2-2D97F333AAA1}.Debug|Any CPU.ActiveCfg = Debug|Any CPU
		{0D4E1447-D7B4-4285-B1E2-2D97F333AAA1}.Debug|Any CPU.Build.0 = Debug|Any CPU
		{0D4E1447-D7B4-4285-B1E2-2D97F333AAA1}.Release|Any CPU.ActiveCfg = Release|Any CPU
		{0D4E1447-D7B4-4285-B1E2-2D97F333AAA1}.Release|Any CPU.Build.0 = Release|Any CPU
		{28130FED-6A9B-43A1-84D8-452EE1CF9A40}.Debug|Any CPU.ActiveCfg = Debug|Any CPU
		{28130FED-6A9B-43A1-84D8-452EE1CF9A40}.Debug|Any CPU.Build.0 = Debug|Any CPU
		{28130FED-6A9B-43A1-84D8-452EE1CF9A40}.Release|Any CPU.ActiveCfg = Release|Any CPU
		{28130FED-6A9B-43A1-84D8-452EE1CF9A40}.Release|Any CPU.Build.0 = Release|Any CPU
		{577C2E72-196D-40B3-87D9-67E67D9BF77A}.Debug|Any CPU.ActiveCfg = Debug|Any CPU
		{577C2E72-196D-40B3-87D9-67E67D9BF77A}.Debug|Any CPU.Build.0 = Debug|Any CPU
		{577C2E72-196D-40B3-87D9-67E67D9BF77A}.Release|Any CPU.ActiveCfg = Release|Any CPU
		{577C2E72-196D-40B3-87D9-67E67D9BF77A}.Release|Any CPU.Build.0 = Release|Any CPU
		{A42BFF88-D93A-42C0-A8C5-0A2D7C48654D}.Debug|Any CPU.ActiveCfg = Debug|Any CPU
		{A42BFF88-D93A-42C0-A8C5-0A2D7C48654D}.Debug|Any CPU.Build.0 = Debug|Any CPU
		{A42BFF88-D93A-42C0-A8C5-0A2D7C48654D}.Release|Any CPU.ActiveCfg = Release|Any CPU
		{A42BFF88-D93A-42C0-A8C5-0A2D7C48654D}.Release|Any CPU.Build.0 = Release|Any CPU
		{A18F5985-6F53-4B60-AC5F-8569252D45E4}.Debug|Any CPU.ActiveCfg = Debug|Any CPU
		{A18F5985-6F53-4B60-AC5F-8569252D45E4}.Debug|Any CPU.Build.0 = Debug|Any CPU
		{A18F5985-6F53-4B60-AC5F-8569252D45E4}.Release|Any CPU.ActiveCfg = Release|Any CPU
		{A18F5985-6F53-4B60-AC5F-8569252D45E4}.Release|Any CPU.Build.0 = Release|Any CPU
		{8AF88AA7-2AE0-49F2-87DC-FC4033DC81AD}.Debug|Any CPU.ActiveCfg = Debug|Any CPU
		{8AF88AA7-2AE0-49F2-87DC-FC4033DC81AD}.Debug|Any CPU.Build.0 = Debug|Any CPU
		{8AF88AA7-2AE0-49F2-87DC-FC4033DC81AD}.Release|Any CPU.ActiveCfg = Release|Any CPU
		{8AF88AA7-2AE0-49F2-87DC-FC4033DC81AD}.Release|Any CPU.Build.0 = Release|Any CPU
		{39409AB9-32CF-4AA1-8B94-8D115D118E81}.Debug|Any CPU.ActiveCfg = Debug|Any CPU
		{39409AB9-32CF-4AA1-8B94-8D115D118E81}.Debug|Any CPU.Build.0 = Debug|Any CPU
		{39409AB9-32CF-4AA1-8B94-8D115D118E81}.Release|Any CPU.ActiveCfg = Release|Any CPU
		{39409AB9-32CF-4AA1-8B94-8D115D118E81}.Release|Any CPU.Build.0 = Release|Any CPU
		{D3A413A8-5323-4E10-A0DB-3D811AE8B1FA}.Debug|Any CPU.ActiveCfg = Debug|Any CPU
		{D3A413A8-5323-4E10-A0DB-3D811AE8B1FA}.Debug|Any CPU.Build.0 = Debug|Any CPU
		{D3A413A8-5323-4E10-A0DB-3D811AE8B1FA}.Release|Any CPU.ActiveCfg = Release|Any CPU
		{D3A413A8-5323-4E10-A0DB-3D811AE8B1FA}.Release|Any CPU.Build.0 = Release|Any CPU
		{686B6980-3750-43AB-8094-EFABCB5658ED}.Debug|Any CPU.ActiveCfg = Debug|Any CPU
		{686B6980-3750-43AB-8094-EFABCB5658ED}.Debug|Any CPU.Build.0 = Debug|Any CPU
		{686B6980-3750-43AB-8094-EFABCB5658ED}.Release|Any CPU.ActiveCfg = Release|Any CPU
		{686B6980-3750-43AB-8094-EFABCB5658ED}.Release|Any CPU.Build.0 = Release|Any CPU
		{0F9E304B-9EF0-4A6E-B4FC-D508064D870A}.Debug|Any CPU.ActiveCfg = Debug|Any CPU
		{0F9E304B-9EF0-4A6E-B4FC-D508064D870A}.Debug|Any CPU.Build.0 = Debug|Any CPU
		{0F9E304B-9EF0-4A6E-B4FC-D508064D870A}.Release|Any CPU.ActiveCfg = Release|Any CPU
		{0F9E304B-9EF0-4A6E-B4FC-D508064D870A}.Release|Any CPU.Build.0 = Release|Any CPU
		{04D44B69-EEE9-4363-AFF9-60F82680A6FF}.Debug|Any CPU.ActiveCfg = Debug|Any CPU
		{04D44B69-EEE9-4363-AFF9-60F82680A6FF}.Debug|Any CPU.Build.0 = Debug|Any CPU
		{04D44B69-EEE9-4363-AFF9-60F82680A6FF}.Release|Any CPU.ActiveCfg = Release|Any CPU
		{04D44B69-EEE9-4363-AFF9-60F82680A6FF}.Release|Any CPU.Build.0 = Release|Any CPU
		{2A0302AB-B864-4819-ABA5-38A432EF5935}.Debug|Any CPU.ActiveCfg = Debug|Any CPU
		{2A0302AB-B864-4819-ABA5-38A432EF5935}.Debug|Any CPU.Build.0 = Debug|Any CPU
		{2A0302AB-B864-4819-ABA5-38A432EF5935}.Release|Any CPU.ActiveCfg = Release|Any CPU
		{2A0302AB-B864-4819-ABA5-38A432EF5935}.Release|Any CPU.Build.0 = Release|Any CPU
	EndGlobalSection
	GlobalSection(SolutionProperties) = preSolution
		HideSolutionNode = FALSE
	EndGlobalSection
	GlobalSection(ExtensibilityGlobals) = postSolution
		SolutionGuid = {35C8D88A-C667-46C9-B156-AD9ACA8671C1}
	EndGlobalSection
EndGlobal
